// !$*UTF8*$!
{
	archiveVersion = 1;
	classes = {
	};
	objectVersion = 56;
	objects = {

/* Begin PBXBuildFile section */
		401866C72B5CB53800AD5C07 /* YouveBeenFramedApp.swift in Sources */ = {isa = PBXBuildFile; fileRef = 401866C62B5CB53800AD5C07 /* YouveBeenFramedApp.swift */; };
		401866C92B5CB53800AD5C07 /* ContentView.swift in Sources */ = {isa = PBXBuildFile; fileRef = 401866C82B5CB53800AD5C07 /* ContentView.swift */; };
		401866CB2B5CB53B00AD5C07 /* Assets.xcassets in Resources */ = {isa = PBXBuildFile; fileRef = 401866CA2B5CB53B00AD5C07 /* Assets.xcassets */; };
		401866CE2B5CB53B00AD5C07 /* Preview Assets.xcassets in Resources */ = {isa = PBXBuildFile; fileRef = 401866CD2B5CB53B00AD5C07 /* Preview Assets.xcassets */; };
		401866DB2B5CB71200AD5C07 /* ReplayKit.framework in Frameworks */ = {isa = PBXBuildFile; fileRef = 401866DA2B5CB71200AD5C07 /* ReplayKit.framework */; };
		401866DE2B5CB71200AD5C07 /* SampleHandler.swift in Sources */ = {isa = PBXBuildFile; fileRef = 401866DD2B5CB71200AD5C07 /* SampleHandler.swift */; };
		401866E22B5CB71200AD5C07 /* YouveBeenFramedBroadcastExtension.appex in Embed Foundation Extensions */ = {isa = PBXBuildFile; fileRef = 401866D82B5CB71200AD5C07 /* YouveBeenFramedBroadcastExtension.appex */; settings = {ATTRIBUTES = (RemoveHeadersOnCopy, ); }; };
		401866F12B5CBA9E00AD5C07 /* YouveBeenFramedShared.h in Headers */ = {isa = PBXBuildFile; fileRef = 401866F02B5CBA9E00AD5C07 /* YouveBeenFramedShared.h */; settings = {ATTRIBUTES = (Public, ); }; };
		401866F42B5CBA9E00AD5C07 /* YouveBeenFramedShared.framework in Frameworks */ = {isa = PBXBuildFile; fileRef = 401866EE2B5CBA9E00AD5C07 /* YouveBeenFramedShared.framework */; };
		401866F52B5CBA9E00AD5C07 /* YouveBeenFramedShared.framework in Embed Frameworks */ = {isa = PBXBuildFile; fileRef = 401866EE2B5CBA9E00AD5C07 /* YouveBeenFramedShared.framework */; settings = {ATTRIBUTES = (CodeSignOnCopy, RemoveHeadersOnCopy, ); }; };
		401866FF2B5CBBCE00AD5C07 /* YouveBeenFramedShared.framework in Frameworks */ = {isa = PBXBuildFile; fileRef = 401866EE2B5CBA9E00AD5C07 /* YouveBeenFramedShared.framework */; };
/* End PBXBuildFile section */

/* Begin PBXContainerItemProxy section */
		401866E02B5CB71200AD5C07 /* PBXContainerItemProxy */ = {
			isa = PBXContainerItemProxy;
			containerPortal = 401866BB2B5CB53800AD5C07 /* Project object */;
			proxyType = 1;
			remoteGlobalIDString = 401866D72B5CB71200AD5C07;
			remoteInfo = YouveBeenFramedBroadcastExtension;
		};
		401866F22B5CBA9E00AD5C07 /* PBXContainerItemProxy */ = {
			isa = PBXContainerItemProxy;
			containerPortal = 401866BB2B5CB53800AD5C07 /* Project object */;
			proxyType = 1;
			remoteGlobalIDString = 401866ED2B5CBA9E00AD5C07;
			remoteInfo = YouveBeenFramedShared;
		};
		401867012B5CBBCE00AD5C07 /* PBXContainerItemProxy */ = {
			isa = PBXContainerItemProxy;
			containerPortal = 401866BB2B5CB53800AD5C07 /* Project object */;
			proxyType = 1;
			remoteGlobalIDString = 401866ED2B5CBA9E00AD5C07;
			remoteInfo = YouveBeenFramedShared;
		};
/* End PBXContainerItemProxy section */

/* Begin PBXCopyFilesBuildPhase section */
		401866E62B5CB71200AD5C07 /* Embed Foundation Extensions */ = {
			isa = PBXCopyFilesBuildPhase;
			buildActionMask = 2147483647;
			dstPath = "";
			dstSubfolderSpec = 13;
			files = (
				401866E22B5CB71200AD5C07 /* YouveBeenFramedBroadcastExtension.appex in Embed Foundation Extensions */,
			);
			name = "Embed Foundation Extensions";
			runOnlyForDeploymentPostprocessing = 0;
		};
		401866F92B5CBA9E00AD5C07 /* Embed Frameworks */ = {
			isa = PBXCopyFilesBuildPhase;
			buildActionMask = 2147483647;
			dstPath = "";
			dstSubfolderSpec = 10;
			files = (
				401866F52B5CBA9E00AD5C07 /* YouveBeenFramedShared.framework in Embed Frameworks */,
			);
			name = "Embed Frameworks";
			runOnlyForDeploymentPostprocessing = 0;
		};
/* End PBXCopyFilesBuildPhase section */

/* Begin PBXFileReference section */
		401866C32B5CB53800AD5C07 /* YouveBeenFramed.app */ = {isa = PBXFileReference; explicitFileType = wrapper.application; includeInIndex = 0; path = YouveBeenFramed.app; sourceTree = BUILT_PRODUCTS_DIR; };
		401866C62B5CB53800AD5C07 /* YouveBeenFramedApp.swift */ = {isa = PBXFileReference; lastKnownFileType = sourcecode.swift; path = YouveBeenFramedApp.swift; sourceTree = "<group>"; };
		401866C82B5CB53800AD5C07 /* ContentView.swift */ = {isa = PBXFileReference; lastKnownFileType = sourcecode.swift; path = ContentView.swift; sourceTree = "<group>"; };
		401866CA2B5CB53B00AD5C07 /* Assets.xcassets */ = {isa = PBXFileReference; lastKnownFileType = folder.assetcatalog; path = Assets.xcassets; sourceTree = "<group>"; };
		401866CD2B5CB53B00AD5C07 /* Preview Assets.xcassets */ = {isa = PBXFileReference; lastKnownFileType = folder.assetcatalog; path = "Preview Assets.xcassets"; sourceTree = "<group>"; };
		401866D82B5CB71200AD5C07 /* YouveBeenFramedBroadcastExtension.appex */ = {isa = PBXFileReference; explicitFileType = "wrapper.app-extension"; includeInIndex = 0; path = YouveBeenFramedBroadcastExtension.appex; sourceTree = BUILT_PRODUCTS_DIR; };
		401866DA2B5CB71200AD5C07 /* ReplayKit.framework */ = {isa = PBXFileReference; lastKnownFileType = wrapper.framework; name = ReplayKit.framework; path = System/Library/Frameworks/ReplayKit.framework; sourceTree = SDKROOT; };
		401866DD2B5CB71200AD5C07 /* SampleHandler.swift */ = {isa = PBXFileReference; lastKnownFileType = sourcecode.swift; path = SampleHandler.swift; sourceTree = "<group>"; };
		401866DF2B5CB71200AD5C07 /* Info.plist */ = {isa = PBXFileReference; lastKnownFileType = text.plist.xml; path = Info.plist; sourceTree = "<group>"; };
		401866E72B5CB76100AD5C07 /* YouveBeenFramed.entitlements */ = {isa = PBXFileReference; lastKnownFileType = text.plist.entitlements; path = YouveBeenFramed.entitlements; sourceTree = "<group>"; };
		401866E82B5CB79600AD5C07 /* YouveBeenFramedBroadcastExtension.entitlements */ = {isa = PBXFileReference; lastKnownFileType = text.plist.entitlements; path = YouveBeenFramedBroadcastExtension.entitlements; sourceTree = "<group>"; };
		401866EE2B5CBA9E00AD5C07 /* YouveBeenFramedShared.framework */ = {isa = PBXFileReference; explicitFileType = wrapper.framework; includeInIndex = 0; path = YouveBeenFramedShared.framework; sourceTree = BUILT_PRODUCTS_DIR; };
		401866F02B5CBA9E00AD5C07 /* YouveBeenFramedShared.h */ = {isa = PBXFileReference; lastKnownFileType = sourcecode.c.h; path = YouveBeenFramedShared.h; sourceTree = "<group>"; };
/* End PBXFileReference section */

/* Begin PBXFrameworksBuildPhase section */
		401866C02B5CB53800AD5C07 /* Frameworks */ = {
			isa = PBXFrameworksBuildPhase;
			buildActionMask = 2147483647;
			files = (
				401866F42B5CBA9E00AD5C07 /* YouveBeenFramedShared.framework in Frameworks */,
			);
			runOnlyForDeploymentPostprocessing = 0;
		};
		401866D52B5CB71200AD5C07 /* Frameworks */ = {
			isa = PBXFrameworksBuildPhase;
			buildActionMask = 2147483647;
			files = (
				401866DB2B5CB71200AD5C07 /* ReplayKit.framework in Frameworks */,
				401866FF2B5CBBCE00AD5C07 /* YouveBeenFramedShared.framework in Frameworks */,
			);
			runOnlyForDeploymentPostprocessing = 0;
		};
		401866EB2B5CBA9E00AD5C07 /* Frameworks */ = {
			isa = PBXFrameworksBuildPhase;
			buildActionMask = 2147483647;
			files = (
			);
			runOnlyForDeploymentPostprocessing = 0;
		};
/* End PBXFrameworksBuildPhase section */

/* Begin PBXGroup section */
		401866BA2B5CB53800AD5C07 = {
			isa = PBXGroup;
			children = (
				401866C52B5CB53800AD5C07 /* YouveBeenFramed */,
				401866DC2B5CB71200AD5C07 /* YouveBeenFramedBroadcastExtension */,
				401866EF2B5CBA9E00AD5C07 /* YouveBeenFramedShared */,
				401866D92B5CB71200AD5C07 /* Frameworks */,
				401866C42B5CB53800AD5C07 /* Products */,
			);
			sourceTree = "<group>";
		};
		401866C42B5CB53800AD5C07 /* Products */ = {
			isa = PBXGroup;
			children = (
				401866C32B5CB53800AD5C07 /* YouveBeenFramed.app */,
				401866D82B5CB71200AD5C07 /* YouveBeenFramedBroadcastExtension.appex */,
				401866EE2B5CBA9E00AD5C07 /* YouveBeenFramedShared.framework */,
			);
			name = Products;
			sourceTree = "<group>";
		};
		401866C52B5CB53800AD5C07 /* YouveBeenFramed */ = {
			isa = PBXGroup;
			children = (
				401866E72B5CB76100AD5C07 /* YouveBeenFramed.entitlements */,
				401866C62B5CB53800AD5C07 /* YouveBeenFramedApp.swift */,
				401866C82B5CB53800AD5C07 /* ContentView.swift */,
				401866CA2B5CB53B00AD5C07 /* Assets.xcassets */,
				401866CC2B5CB53B00AD5C07 /* Preview Content */,
			);
			path = YouveBeenFramed;
			sourceTree = "<group>";
		};
		401866CC2B5CB53B00AD5C07 /* Preview Content */ = {
			isa = PBXGroup;
			children = (
				401866CD2B5CB53B00AD5C07 /* Preview Assets.xcassets */,
			);
			path = "Preview Content";
			sourceTree = "<group>";
		};
		401866D92B5CB71200AD5C07 /* Frameworks */ = {
			isa = PBXGroup;
			children = (
				401866DA2B5CB71200AD5C07 /* ReplayKit.framework */,
			);
			name = Frameworks;
			sourceTree = "<group>";
		};
		401866DC2B5CB71200AD5C07 /* YouveBeenFramedBroadcastExtension */ = {
			isa = PBXGroup;
			children = (
				401866E82B5CB79600AD5C07 /* YouveBeenFramedBroadcastExtension.entitlements */,
				401866DD2B5CB71200AD5C07 /* SampleHandler.swift */,
				401866DF2B5CB71200AD5C07 /* Info.plist */,
			);
			path = YouveBeenFramedBroadcastExtension;
			sourceTree = "<group>";
		};
		401866EF2B5CBA9E00AD5C07 /* YouveBeenFramedShared */ = {
			isa = PBXGroup;
			children = (
				401866F02B5CBA9E00AD5C07 /* YouveBeenFramedShared.h */,
			);
			path = YouveBeenFramedShared;
			sourceTree = "<group>";
		};
/* End PBXGroup section */

/* Begin PBXHeadersBuildPhase section */
		401866E92B5CBA9E00AD5C07 /* Headers */ = {
			isa = PBXHeadersBuildPhase;
			buildActionMask = 2147483647;
			files = (
				401866F12B5CBA9E00AD5C07 /* YouveBeenFramedShared.h in Headers */,
			);
			runOnlyForDeploymentPostprocessing = 0;
		};
/* End PBXHeadersBuildPhase section */

/* Begin PBXNativeTarget section */
		401866C22B5CB53800AD5C07 /* YouveBeenFramed */ = {
			isa = PBXNativeTarget;
			buildConfigurationList = 401866D12B5CB53B00AD5C07 /* Build configuration list for PBXNativeTarget "YouveBeenFramed" */;
			buildPhases = (
				401866BF2B5CB53800AD5C07 /* Sources */,
				401866C02B5CB53800AD5C07 /* Frameworks */,
				401866C12B5CB53800AD5C07 /* Resources */,
				401866E62B5CB71200AD5C07 /* Embed Foundation Extensions */,
				401866F92B5CBA9E00AD5C07 /* Embed Frameworks */,
			);
			buildRules = (
			);
			dependencies = (
				401866E12B5CB71200AD5C07 /* PBXTargetDependency */,
				401866F32B5CBA9E00AD5C07 /* PBXTargetDependency */,
			);
			name = YouveBeenFramed;
			productName = YouveBeenFramed;
			productReference = 401866C32B5CB53800AD5C07 /* YouveBeenFramed.app */;
			productType = "com.apple.product-type.application";
		};
		401866D72B5CB71200AD5C07 /* YouveBeenFramedBroadcastExtension */ = {
			isa = PBXNativeTarget;
			buildConfigurationList = 401866E32B5CB71200AD5C07 /* Build configuration list for PBXNativeTarget "YouveBeenFramedBroadcastExtension" */;
			buildPhases = (
				401866D42B5CB71200AD5C07 /* Sources */,
				401866D52B5CB71200AD5C07 /* Frameworks */,
				401866D62B5CB71200AD5C07 /* Resources */,
			);
			buildRules = (
			);
			dependencies = (
				401867022B5CBBCE00AD5C07 /* PBXTargetDependency */,
			);
			name = YouveBeenFramedBroadcastExtension;
			productName = YouveBeenFramedBroadcastExtension;
			productReference = 401866D82B5CB71200AD5C07 /* YouveBeenFramedBroadcastExtension.appex */;
			productType = "com.apple.product-type.app-extension";
		};
		401866ED2B5CBA9E00AD5C07 /* YouveBeenFramedShared */ = {
			isa = PBXNativeTarget;
			buildConfigurationList = 401866F62B5CBA9E00AD5C07 /* Build configuration list for PBXNativeTarget "YouveBeenFramedShared" */;
			buildPhases = (
				401866E92B5CBA9E00AD5C07 /* Headers */,
				401866EA2B5CBA9E00AD5C07 /* Sources */,
				401866EB2B5CBA9E00AD5C07 /* Frameworks */,
				401866EC2B5CBA9E00AD5C07 /* Resources */,
			);
			buildRules = (
			);
			dependencies = (
			);
			name = YouveBeenFramedShared;
			productName = YouveBeenFramedShared;
			productReference = 401866EE2B5CBA9E00AD5C07 /* YouveBeenFramedShared.framework */;
			productType = "com.apple.product-type.framework";
		};
/* End PBXNativeTarget section */

/* Begin PBXProject section */
		401866BB2B5CB53800AD5C07 /* Project object */ = {
			isa = PBXProject;
			attributes = {
				BuildIndependentTargetsInParallel = 1;
				LastSwiftUpdateCheck = 1500;
				LastUpgradeCheck = 1500;
				TargetAttributes = {
					401866C22B5CB53800AD5C07 = {
						CreatedOnToolsVersion = 15.0;
					};
					401866D72B5CB71200AD5C07 = {
						CreatedOnToolsVersion = 15.0;
					};
					401866ED2B5CBA9E00AD5C07 = {
						CreatedOnToolsVersion = 15.0;
					};
				};
			};
			buildConfigurationList = 401866BE2B5CB53800AD5C07 /* Build configuration list for PBXProject "YouveBeenFramed" */;
			compatibilityVersion = "Xcode 14.0";
			developmentRegion = en;
			hasScannedForEncodings = 0;
			knownRegions = (
				en,
				Base,
			);
			mainGroup = 401866BA2B5CB53800AD5C07;
			productRefGroup = 401866C42B5CB53800AD5C07 /* Products */;
			projectDirPath = "";
			projectRoot = "";
			targets = (
				401866C22B5CB53800AD5C07 /* YouveBeenFramed */,
				401866D72B5CB71200AD5C07 /* YouveBeenFramedBroadcastExtension */,
				401866ED2B5CBA9E00AD5C07 /* YouveBeenFramedShared */,
			);
		};
/* End PBXProject section */

/* Begin PBXResourcesBuildPhase section */
		401866C12B5CB53800AD5C07 /* Resources */ = {
			isa = PBXResourcesBuildPhase;
			buildActionMask = 2147483647;
			files = (
				401866CE2B5CB53B00AD5C07 /* Preview Assets.xcassets in Resources */,
				401866CB2B5CB53B00AD5C07 /* Assets.xcassets in Resources */,
			);
			runOnlyForDeploymentPostprocessing = 0;
		};
		401866D62B5CB71200AD5C07 /* Resources */ = {
			isa = PBXResourcesBuildPhase;
			buildActionMask = 2147483647;
			files = (
			);
			runOnlyForDeploymentPostprocessing = 0;
		};
		401866EC2B5CBA9E00AD5C07 /* Resources */ = {
			isa = PBXResourcesBuildPhase;
			buildActionMask = 2147483647;
			files = (
			);
			runOnlyForDeploymentPostprocessing = 0;
		};
/* End PBXResourcesBuildPhase section */

/* Begin PBXSourcesBuildPhase section */
		401866BF2B5CB53800AD5C07 /* Sources */ = {
			isa = PBXSourcesBuildPhase;
			buildActionMask = 2147483647;
			files = (
				401866C92B5CB53800AD5C07 /* ContentView.swift in Sources */,
				401866C72B5CB53800AD5C07 /* YouveBeenFramedApp.swift in Sources */,
			);
			runOnlyForDeploymentPostprocessing = 0;
		};
		401866D42B5CB71200AD5C07 /* Sources */ = {
			isa = PBXSourcesBuildPhase;
			buildActionMask = 2147483647;
			files = (
				401866DE2B5CB71200AD5C07 /* SampleHandler.swift in Sources */,
			);
			runOnlyForDeploymentPostprocessing = 0;
		};
		401866EA2B5CBA9E00AD5C07 /* Sources */ = {
			isa = PBXSourcesBuildPhase;
			buildActionMask = 2147483647;
			files = (
			);
			runOnlyForDeploymentPostprocessing = 0;
		};
/* End PBXSourcesBuildPhase section */

/* Begin PBXTargetDependency section */
		401866E12B5CB71200AD5C07 /* PBXTargetDependency */ = {
			isa = PBXTargetDependency;
			target = 401866D72B5CB71200AD5C07 /* YouveBeenFramedBroadcastExtension */;
			targetProxy = 401866E02B5CB71200AD5C07 /* PBXContainerItemProxy */;
		};
		401866F32B5CBA9E00AD5C07 /* PBXTargetDependency */ = {
			isa = PBXTargetDependency;
			target = 401866ED2B5CBA9E00AD5C07 /* YouveBeenFramedShared */;
			targetProxy = 401866F22B5CBA9E00AD5C07 /* PBXContainerItemProxy */;
		};
		401867022B5CBBCE00AD5C07 /* PBXTargetDependency */ = {
			isa = PBXTargetDependency;
			target = 401866ED2B5CBA9E00AD5C07 /* YouveBeenFramedShared */;
			targetProxy = 401867012B5CBBCE00AD5C07 /* PBXContainerItemProxy */;
		};
/* End PBXTargetDependency section */

/* Begin XCBuildConfiguration section */
		401866CF2B5CB53B00AD5C07 /* Debug */ = {
			isa = XCBuildConfiguration;
			buildSettings = {
				ALWAYS_SEARCH_USER_PATHS = NO;
				ASSETCATALOG_COMPILER_GENERATE_SWIFT_ASSET_SYMBOL_EXTENSIONS = YES;
				CLANG_ANALYZER_NONNULL = YES;
				CLANG_ANALYZER_NUMBER_OBJECT_CONVERSION = YES_AGGRESSIVE;
				CLANG_CXX_LANGUAGE_STANDARD = "gnu++20";
				CLANG_ENABLE_MODULES = YES;
				CLANG_ENABLE_OBJC_ARC = YES;
				CLANG_ENABLE_OBJC_WEAK = YES;
				CLANG_WARN_BLOCK_CAPTURE_AUTORELEASING = YES;
				CLANG_WARN_BOOL_CONVERSION = YES;
				CLANG_WARN_COMMA = YES;
				CLANG_WARN_CONSTANT_CONVERSION = YES;
				CLANG_WARN_DEPRECATED_OBJC_IMPLEMENTATIONS = YES;
				CLANG_WARN_DIRECT_OBJC_ISA_USAGE = YES_ERROR;
				CLANG_WARN_DOCUMENTATION_COMMENTS = YES;
				CLANG_WARN_EMPTY_BODY = YES;
				CLANG_WARN_ENUM_CONVERSION = YES;
				CLANG_WARN_INFINITE_RECURSION = YES;
				CLANG_WARN_INT_CONVERSION = YES;
				CLANG_WARN_NON_LITERAL_NULL_CONVERSION = YES;
				CLANG_WARN_OBJC_IMPLICIT_RETAIN_SELF = YES;
				CLANG_WARN_OBJC_LITERAL_CONVERSION = YES;
				CLANG_WARN_OBJC_ROOT_CLASS = YES_ERROR;
				CLANG_WARN_QUOTED_INCLUDE_IN_FRAMEWORK_HEADER = YES;
				CLANG_WARN_RANGE_LOOP_ANALYSIS = YES;
				CLANG_WARN_STRICT_PROTOTYPES = YES;
				CLANG_WARN_SUSPICIOUS_MOVE = YES;
				CLANG_WARN_UNGUARDED_AVAILABILITY = YES_AGGRESSIVE;
				CLANG_WARN_UNREACHABLE_CODE = YES;
				CLANG_WARN__DUPLICATE_METHOD_MATCH = YES;
				COPY_PHASE_STRIP = NO;
				DEBUG_INFORMATION_FORMAT = dwarf;
				ENABLE_STRICT_OBJC_MSGSEND = YES;
				ENABLE_TESTABILITY = YES;
				ENABLE_USER_SCRIPT_SANDBOXING = YES;
				GCC_C_LANGUAGE_STANDARD = gnu17;
				GCC_DYNAMIC_NO_PIC = NO;
				GCC_NO_COMMON_BLOCKS = YES;
				GCC_OPTIMIZATION_LEVEL = 0;
				GCC_PREPROCESSOR_DEFINITIONS = (
					"DEBUG=1",
					"$(inherited)",
				);
				GCC_WARN_64_TO_32_BIT_CONVERSION = YES;
				GCC_WARN_ABOUT_RETURN_TYPE = YES_ERROR;
				GCC_WARN_UNDECLARED_SELECTOR = YES;
				GCC_WARN_UNINITIALIZED_AUTOS = YES_AGGRESSIVE;
				GCC_WARN_UNUSED_FUNCTION = YES;
				GCC_WARN_UNUSED_VARIABLE = YES;
				IPHONEOS_DEPLOYMENT_TARGET = 17.0;
				LOCALIZATION_PREFERS_STRING_CATALOGS = YES;
				MTL_ENABLE_DEBUG_INFO = INCLUDE_SOURCE;
				MTL_FAST_MATH = YES;
				ONLY_ACTIVE_ARCH = YES;
				SDKROOT = iphoneos;
				SWIFT_ACTIVE_COMPILATION_CONDITIONS = "DEBUG $(inherited)";
				SWIFT_OPTIMIZATION_LEVEL = "-Onone";
			};
			name = Debug;
		};
		401866D02B5CB53B00AD5C07 /* Release */ = {
			isa = XCBuildConfiguration;
			buildSettings = {
				ALWAYS_SEARCH_USER_PATHS = NO;
				ASSETCATALOG_COMPILER_GENERATE_SWIFT_ASSET_SYMBOL_EXTENSIONS = YES;
				CLANG_ANALYZER_NONNULL = YES;
				CLANG_ANALYZER_NUMBER_OBJECT_CONVERSION = YES_AGGRESSIVE;
				CLANG_CXX_LANGUAGE_STANDARD = "gnu++20";
				CLANG_ENABLE_MODULES = YES;
				CLANG_ENABLE_OBJC_ARC = YES;
				CLANG_ENABLE_OBJC_WEAK = YES;
				CLANG_WARN_BLOCK_CAPTURE_AUTORELEASING = YES;
				CLANG_WARN_BOOL_CONVERSION = YES;
				CLANG_WARN_COMMA = YES;
				CLANG_WARN_CONSTANT_CONVERSION = YES;
				CLANG_WARN_DEPRECATED_OBJC_IMPLEMENTATIONS = YES;
				CLANG_WARN_DIRECT_OBJC_ISA_USAGE = YES_ERROR;
				CLANG_WARN_DOCUMENTATION_COMMENTS = YES;
				CLANG_WARN_EMPTY_BODY = YES;
				CLANG_WARN_ENUM_CONVERSION = YES;
				CLANG_WARN_INFINITE_RECURSION = YES;
				CLANG_WARN_INT_CONVERSION = YES;
				CLANG_WARN_NON_LITERAL_NULL_CONVERSION = YES;
				CLANG_WARN_OBJC_IMPLICIT_RETAIN_SELF = YES;
				CLANG_WARN_OBJC_LITERAL_CONVERSION = YES;
				CLANG_WARN_OBJC_ROOT_CLASS = YES_ERROR;
				CLANG_WARN_QUOTED_INCLUDE_IN_FRAMEWORK_HEADER = YES;
				CLANG_WARN_RANGE_LOOP_ANALYSIS = YES;
				CLANG_WARN_STRICT_PROTOTYPES = YES;
				CLANG_WARN_SUSPICIOUS_MOVE = YES;
				CLANG_WARN_UNGUARDED_AVAILABILITY = YES_AGGRESSIVE;
				CLANG_WARN_UNREACHABLE_CODE = YES;
				CLANG_WARN__DUPLICATE_METHOD_MATCH = YES;
				COPY_PHASE_STRIP = NO;
				DEBUG_INFORMATION_FORMAT = "dwarf-with-dsym";
				ENABLE_NS_ASSERTIONS = NO;
				ENABLE_STRICT_OBJC_MSGSEND = YES;
				ENABLE_USER_SCRIPT_SANDBOXING = YES;
				GCC_C_LANGUAGE_STANDARD = gnu17;
				GCC_NO_COMMON_BLOCKS = YES;
				GCC_WARN_64_TO_32_BIT_CONVERSION = YES;
				GCC_WARN_ABOUT_RETURN_TYPE = YES_ERROR;
				GCC_WARN_UNDECLARED_SELECTOR = YES;
				GCC_WARN_UNINITIALIZED_AUTOS = YES_AGGRESSIVE;
				GCC_WARN_UNUSED_FUNCTION = YES;
				GCC_WARN_UNUSED_VARIABLE = YES;
				IPHONEOS_DEPLOYMENT_TARGET = 17.0;
				LOCALIZATION_PREFERS_STRING_CATALOGS = YES;
				MTL_ENABLE_DEBUG_INFO = NO;
				MTL_FAST_MATH = YES;
				SDKROOT = iphoneos;
				SWIFT_COMPILATION_MODE = wholemodule;
				VALIDATE_PRODUCT = YES;
			};
			name = Release;
		};
		401866D22B5CB53B00AD5C07 /* Debug */ = {
			isa = XCBuildConfiguration;
			buildSettings = {
				ALWAYS_EMBED_SWIFT_STANDARD_LIBRARIES = YES;
				ASSETCATALOG_COMPILER_APPICON_NAME = AppIcon;
				ASSETCATALOG_COMPILER_GLOBAL_ACCENT_COLOR_NAME = AccentColor;
				CODE_SIGN_ENTITLEMENTS = YouveBeenFramed/YouveBeenFramed.entitlements;
				CODE_SIGN_STYLE = Automatic;
				CURRENT_PROJECT_VERSION = 1;
				DEVELOPMENT_ASSET_PATHS = "\"YouveBeenFramed/Preview Content\"";
				DEVELOPMENT_TEAM = 4EC72DECN9;
				ENABLE_PREVIEWS = YES;
				GENERATE_INFOPLIST_FILE = YES;
				INFOPLIST_KEY_UIApplicationSceneManifest_Generation = YES;
				INFOPLIST_KEY_UIApplicationSupportsIndirectInputEvents = YES;
				INFOPLIST_KEY_UILaunchScreen_Generation = YES;
				INFOPLIST_KEY_UISupportedInterfaceOrientations_iPad = "UIInterfaceOrientationPortrait UIInterfaceOrientationPortraitUpsideDown UIInterfaceOrientationLandscapeLeft UIInterfaceOrientationLandscapeRight";
				INFOPLIST_KEY_UISupportedInterfaceOrientations_iPhone = "UIInterfaceOrientationPortrait UIInterfaceOrientationLandscapeLeft UIInterfaceOrientationLandscapeRight";
				LD_RUNPATH_SEARCH_PATHS = (
					"$(inherited)",
					"@executable_path/Frameworks",
				);
				MARKETING_VERSION = 1.0;
				PRODUCT_BUNDLE_IDENTIFIER = com.fram3duvbin.ios.YouveBeenFramed;
				PRODUCT_NAME = "$(TARGET_NAME)";
				SWIFT_EMIT_LOC_STRINGS = YES;
				SWIFT_VERSION = 5.0;
				TARGETED_DEVICE_FAMILY = "1,2";
			};
			name = Debug;
		};
		401866D32B5CB53B00AD5C07 /* Release */ = {
			isa = XCBuildConfiguration;
			buildSettings = {
				ALWAYS_EMBED_SWIFT_STANDARD_LIBRARIES = YES;
				ASSETCATALOG_COMPILER_APPICON_NAME = AppIcon;
				ASSETCATALOG_COMPILER_GLOBAL_ACCENT_COLOR_NAME = AccentColor;
				CODE_SIGN_ENTITLEMENTS = YouveBeenFramed/YouveBeenFramed.entitlements;
				CODE_SIGN_STYLE = Automatic;
				CURRENT_PROJECT_VERSION = 1;
				DEVELOPMENT_ASSET_PATHS = "\"YouveBeenFramed/Preview Content\"";
				DEVELOPMENT_TEAM = 4EC72DECN9;
				ENABLE_PREVIEWS = YES;
				GENERATE_INFOPLIST_FILE = YES;
				INFOPLIST_KEY_UIApplicationSceneManifest_Generation = YES;
				INFOPLIST_KEY_UIApplicationSupportsIndirectInputEvents = YES;
				INFOPLIST_KEY_UILaunchScreen_Generation = YES;
				INFOPLIST_KEY_UISupportedInterfaceOrientations_iPad = "UIInterfaceOrientationPortrait UIInterfaceOrientationPortraitUpsideDown UIInterfaceOrientationLandscapeLeft UIInterfaceOrientationLandscapeRight";
				INFOPLIST_KEY_UISupportedInterfaceOrientations_iPhone = "UIInterfaceOrientationPortrait UIInterfaceOrientationLandscapeLeft UIInterfaceOrientationLandscapeRight";
				LD_RUNPATH_SEARCH_PATHS = (
					"$(inherited)",
					"@executable_path/Frameworks",
				);
				MARKETING_VERSION = 1.0;
				PRODUCT_BUNDLE_IDENTIFIER = com.fram3duvbin.ios.YouveBeenFramed;
				PRODUCT_NAME = "$(TARGET_NAME)";
				SWIFT_EMIT_LOC_STRINGS = YES;
				SWIFT_VERSION = 5.0;
				TARGETED_DEVICE_FAMILY = "1,2";
			};
			name = Release;
		};
		401866E42B5CB71200AD5C07 /* Debug */ = {
			isa = XCBuildConfiguration;
			buildSettings = {
				CODE_SIGN_ENTITLEMENTS = YouveBeenFramedBroadcastExtension/YouveBeenFramedBroadcastExtension.entitlements;
				CODE_SIGN_STYLE = Automatic;
				CURRENT_PROJECT_VERSION = 1;
				DEVELOPMENT_TEAM = 4EC72DECN9;
				GENERATE_INFOPLIST_FILE = YES;
				INFOPLIST_FILE = YouveBeenFramedBroadcastExtension/Info.plist;
				INFOPLIST_KEY_CFBundleDisplayName = YouveBeenFramedBroadcastExtension;
				INFOPLIST_KEY_NSHumanReadableCopyright = "";
				LD_RUNPATH_SEARCH_PATHS = (
					"$(inherited)",
					"@executable_path/Frameworks",
					"@executable_path/../../Frameworks",
				);
				MARKETING_VERSION = 1.0;
				PRODUCT_BUNDLE_IDENTIFIER = com.fram3duvbin.ios.YouveBeenFramed.YouveBeenFramedBroadcastExtension;
				PRODUCT_NAME = "$(TARGET_NAME)";
				SKIP_INSTALL = YES;
				SWIFT_EMIT_LOC_STRINGS = YES;
				SWIFT_VERSION = 5.0;
				TARGETED_DEVICE_FAMILY = "1,2";
			};
			name = Debug;
		};
		401866E52B5CB71200AD5C07 /* Release */ = {
			isa = XCBuildConfiguration;
			buildSettings = {
				CODE_SIGN_ENTITLEMENTS = YouveBeenFramedBroadcastExtension/YouveBeenFramedBroadcastExtension.entitlements;
				CODE_SIGN_STYLE = Automatic;
				CURRENT_PROJECT_VERSION = 1;
				DEVELOPMENT_TEAM = 4EC72DECN9;
				GENERATE_INFOPLIST_FILE = YES;
				INFOPLIST_FILE = YouveBeenFramedBroadcastExtension/Info.plist;
				INFOPLIST_KEY_CFBundleDisplayName = YouveBeenFramedBroadcastExtension;
				INFOPLIST_KEY_NSHumanReadableCopyright = "";
				LD_RUNPATH_SEARCH_PATHS = (
					"$(inherited)",
					"@executable_path/Frameworks",
					"@executable_path/../../Frameworks",
				);
				MARKETING_VERSION = 1.0;
				PRODUCT_BUNDLE_IDENTIFIER = com.fram3duvbin.ios.YouveBeenFramed.YouveBeenFramedBroadcastExtension;
				PRODUCT_NAME = "$(TARGET_NAME)";
				SKIP_INSTALL = YES;
				SWIFT_EMIT_LOC_STRINGS = YES;
				SWIFT_VERSION = 5.0;
				TARGETED_DEVICE_FAMILY = "1,2";
			};
			name = Release;
		};
		401866F72B5CBA9E00AD5C07 /* Debug */ = {
			isa = XCBuildConfiguration;
			buildSettings = {
				CODE_SIGN_STYLE = Automatic;
				CURRENT_PROJECT_VERSION = 1;
				DEFINES_MODULE = YES;
				DEVELOPMENT_TEAM = 4EC72DECN9;
				DYLIB_COMPATIBILITY_VERSION = 1;
				DYLIB_CURRENT_VERSION = 1;
				DYLIB_INSTALL_NAME_BASE = "@rpath";
				ENABLE_MODULE_VERIFIER = YES;
				GENERATE_INFOPLIST_FILE = YES;
				INFOPLIST_KEY_NSHumanReadableCopyright = "";
				INSTALL_PATH = "$(LOCAL_LIBRARY_DIR)/Frameworks";
				LD_RUNPATH_SEARCH_PATHS = (
					"$(inherited)",
					"@executable_path/Frameworks",
					"@loader_path/Frameworks",
				);
				MARKETING_VERSION = 1.0;
				MODULE_VERIFIER_SUPPORTED_LANGUAGES = "objective-c objective-c++";
				MODULE_VERIFIER_SUPPORTED_LANGUAGE_STANDARDS = "gnu17 gnu++20";
				PRODUCT_BUNDLE_IDENTIFIER = com.fram3duvbin.ios.YouveBeenFramedShared;
				PRODUCT_NAME = "$(TARGET_NAME:c99extidentifier)";
				SKIP_INSTALL = YES;
				SWIFT_EMIT_LOC_STRINGS = YES;
				SWIFT_VERSION = 5.0;
				TARGETED_DEVICE_FAMILY = "1,2";
				VERSIONING_SYSTEM = "apple-generic";
				VERSION_INFO_PREFIX = "";
			};
			name = Debug;
		};
		401866F82B5CBA9E00AD5C07 /* Release */ = {
			isa = XCBuildConfiguration;
			buildSettings = {
				CODE_SIGN_STYLE = Automatic;
				CURRENT_PROJECT_VERSION = 1;
				DEFINES_MODULE = YES;
				DEVELOPMENT_TEAM = 4EC72DECN9;
				DYLIB_COMPATIBILITY_VERSION = 1;
				DYLIB_CURRENT_VERSION = 1;
				DYLIB_INSTALL_NAME_BASE = "@rpath";
				ENABLE_MODULE_VERIFIER = YES;
				GENERATE_INFOPLIST_FILE = YES;
				INFOPLIST_KEY_NSHumanReadableCopyright = "";
				INSTALL_PATH = "$(LOCAL_LIBRARY_DIR)/Frameworks";
				LD_RUNPATH_SEARCH_PATHS = (
					"$(inherited)",
					"@executable_path/Frameworks",
					"@loader_path/Frameworks",
				);
				MARKETING_VERSION = 1.0;
				MODULE_VERIFIER_SUPPORTED_LANGUAGES = "objective-c objective-c++";
				MODULE_VERIFIER_SUPPORTED_LANGUAGE_STANDARDS = "gnu17 gnu++20";
				PRODUCT_BUNDLE_IDENTIFIER = com.fram3duvbin.ios.YouveBeenFramedShared;
				PRODUCT_NAME = "$(TARGET_NAME:c99extidentifier)";
				SKIP_INSTALL = YES;
				SWIFT_EMIT_LOC_STRINGS = YES;
				SWIFT_VERSION = 5.0;
				TARGETED_DEVICE_FAMILY = "1,2";
				VERSIONING_SYSTEM = "apple-generic";
				VERSION_INFO_PREFIX = "";
			};
			name = Release;
		};
/* End XCBuildConfiguration section */

/* Begin XCConfigurationList section */
		401866BE2B5CB53800AD5C07 /* Build configuration list for PBXProject "YouveBeenFramed" */ = {
			isa = XCConfigurationList;
			buildConfigurations = (
				401866CF2B5CB53B00AD5C07 /* Debug */,
				401866D02B5CB53B00AD5C07 /* Release */,
			);
			defaultConfigurationIsVisible = 0;
			defaultConfigurationName = Release;
		};
		401866D12B5CB53B00AD5C07 /* Build configuration list for PBXNativeTarget "YouveBeenFramed" */ = {
			isa = XCConfigurationList;
			buildConfigurations = (
				401866D22B5CB53B00AD5C07 /* Debug */,
				401866D32B5CB53B00AD5C07 /* Release */,
			);
			defaultConfigurationIsVisible = 0;
			defaultConfigurationName = Release;
		};
		401866E32B5CB71200AD5C07 /* Build configuration list for PBXNativeTarget "YouveBeenFramedBroadcastExtension" */ = {
			isa = XCConfigurationList;
			buildConfigurations = (
				401866E42B5CB71200AD5C07 /* Debug */,
				401866E52B5CB71200AD5C07 /* Release */,
			);
			defaultConfigurationIsVisible = 0;
			defaultConfigurationName = Release;
		};
		401866F62B5CBA9E00AD5C07 /* Build configuration list for PBXNativeTarget "YouveBeenFramedShared" */ = {
			isa = XCConfigurationList;
			buildConfigurations = (
				401866F72B5CBA9E00AD5C07 /* Debug */,
				401866F82B5CBA9E00AD5C07 /* Release */,
			);
			defaultConfigurationIsVisible = 0;
			defaultConfigurationName = Release;
		};
/* End XCConfigurationList section */
	};
	rootObject = 401866BB2B5CB53800AD5C07 /* Project object */;
}
